// !$*UTF8*$!
{
	archiveVersion = 1;
	classes = {
	};
	objectVersion = 51;
	objects = {

/* Begin PBXBuildFile section */
		40CF1B50250BC432003B3B82 /* AppDelegate.swift in Sources */ = {isa = PBXBuildFile; fileRef = 40CF1B4F250BC432003B3B82 /* AppDelegate.swift */; };
		40CF1B54250BC432003B3B82 /* ViewController.swift in Sources */ = {isa = PBXBuildFile; fileRef = 40CF1B53250BC432003B3B82 /* ViewController.swift */; };
		40CF1B57250BC432003B3B82 /* Main.storyboard in Resources */ = {isa = PBXBuildFile; fileRef = 40CF1B55250BC432003B3B82 /* Main.storyboard */; };
		40CF1B59250BC434003B3B82 /* Assets.xcassets in Resources */ = {isa = PBXBuildFile; fileRef = 40CF1B58250BC434003B3B82 /* Assets.xcassets */; };
		40CF1B5C250BC434003B3B82 /* LaunchScreen.storyboard in Resources */ = {isa = PBXBuildFile; fileRef = 40CF1B5A250BC434003B3B82 /* LaunchScreen.storyboard */; };
		40CF1B66250C8F15003B3B82 /* signUpViewController.swift in Sources */ = {isa = PBXBuildFile; fileRef = 40CF1B65250C8F15003B3B82 /* signUpViewController.swift */; };
		40CF1B68250C8F24003B3B82 /* logInViewController.swift in Sources */ = {isa = PBXBuildFile; fileRef = 40CF1B67250C8F24003B3B82 /* logInViewController.swift */; };
		40CF1B6A250C8F39003B3B82 /* Constants.swift in Sources */ = {isa = PBXBuildFile; fileRef = 40CF1B69250C8F39003B3B82 /* Constants.swift */; };
		40CF1B6C250C8F57003B3B82 /* Utilities.swift in Sources */ = {isa = PBXBuildFile; fileRef = 40CF1B6B250C8F57003B3B82 /* Utilities.swift */; };
		40CF1B6E250C9039003B3B82 /* welcomeViewController.swift in Sources */ = {isa = PBXBuildFile; fileRef = 40CF1B6D250C9039003B3B82 /* welcomeViewController.swift */; };
		50066E3C258512720026FE90 /* SetttingScreenVC.swift in Sources */ = {isa = PBXBuildFile; fileRef = 50066E3B258512720026FE90 /* SetttingScreenVC.swift */; };
		50066E3F2585145B0026FE90 /* TblSettingCell.swift in Sources */ = {isa = PBXBuildFile; fileRef = 50066E3D2585145B0026FE90 /* TblSettingCell.swift */; };
		50066E402585145B0026FE90 /* TblSettingCell.xib in Resources */ = {isa = PBXBuildFile; fileRef = 50066E3E2585145B0026FE90 /* TblSettingCell.xib */; };
		50126D1525C589EF00E0CCF5 /* TblFeedTextCell.swift in Sources */ = {isa = PBXBuildFile; fileRef = 50126D1325C589EF00E0CCF5 /* TblFeedTextCell.swift */; };
		50126D1625C589EF00E0CCF5 /* TblFeedTextCell.xib in Resources */ = {isa = PBXBuildFile; fileRef = 50126D1425C589EF00E0CCF5 /* TblFeedTextCell.xib */; };
		5021713F2588CCEC0050B0FE /* StoreKit.framework in Frameworks */ = {isa = PBXBuildFile; fileRef = 5021713E2588CCEC0050B0FE /* StoreKit.framework */; };
		50235B3D25AC8CE600F02DD9 /* PrivacyPolicyScreenVC.swift in Sources */ = {isa = PBXBuildFile; fileRef = 50235B3C25AC8CE600F02DD9 /* PrivacyPolicyScreenVC.swift */; };
		502CDCD625824D7F0034AE5F /* SubscriptionViewController.swift in Sources */ = {isa = PBXBuildFile; fileRef = 502CDCD525824D7F0034AE5F /* SubscriptionViewController.swift */; };
		502D478F25839F8B0051F512 /* AnswerOfQuestionVC.swift in Sources */ = {isa = PBXBuildFile; fileRef = 502D478E25839F8B0051F512 /* AnswerOfQuestionVC.swift */; };
		502D47932583B7F90051F512 /* tblJournalCell.swift in Sources */ = {isa = PBXBuildFile; fileRef = 502D47912583B7F90051F512 /* tblJournalCell.swift */; };
		502D47942583B7F90051F512 /* tblJournalCell.xib in Resources */ = {isa = PBXBuildFile; fileRef = 502D47922583B7F90051F512 /* tblJournalCell.xib */; };
		502D47962583BD1D0051F512 /* AnswerDetailsVC.swift in Sources */ = {isa = PBXBuildFile; fileRef = 502D47952583BD1D0051F512 /* AnswerDetailsVC.swift */; };
		504D2DC7258CC87B0057ADB5 /* KeychainItem.swift in Sources */ = {isa = PBXBuildFile; fileRef = 504D2DC6258CC87A0057ADB5 /* KeychainItem.swift */; };
		5057A18825ADB838002255CB /* privacy_doc.pdf in Resources */ = {isa = PBXBuildFile; fileRef = 5057A18625ADB834002255CB /* privacy_doc.pdf */; };
		5057A18925ADB838002255CB /* terms_doc.pdf in Resources */ = {isa = PBXBuildFile; fileRef = 5057A18725ADB838002255CB /* terms_doc.pdf */; };
		5057A18B25ADCB12002255CB /* AVFoundation.framework in Frameworks */ = {isa = PBXBuildFile; fileRef = 5057A18A25ADCB12002255CB /* AVFoundation.framework */; };
		5057A18D25ADF63D002255CB /* splash.mov in Resources */ = {isa = PBXBuildFile; fileRef = 5057A18C25ADF63D002255CB /* splash.mov */; };
		505AE183258792A900DD7079 /* TermsNConditionVC.swift in Sources */ = {isa = PBXBuildFile; fileRef = 505AE182258792A900DD7079 /* TermsNConditionVC.swift */; };
		505C737A25BAD0C5009BB98B /* AuthenticationServices.framework in Frameworks */ = {isa = PBXBuildFile; fileRef = 505C737925BAD0C5009BB98B /* AuthenticationServices.framework */; };
		505C737C25BAD47A009BB98B /* CryptoKit.framework in Frameworks */ = {isa = PBXBuildFile; fileRef = 505C737B25BAD47A009BB98B /* CryptoKit.framework */; };
		50913DB9258A45F300878FD3 /* GreetingViewController.swift in Sources */ = {isa = PBXBuildFile; fileRef = 50913DB8258A45F300878FD3 /* GreetingViewController.swift */; };
		50955B3B258B83F900B84DD6 /* GreetingViewControllerProfile.swift in Sources */ = {isa = PBXBuildFile; fileRef = 50955B3A258B83F900B84DD6 /* GreetingViewControllerProfile.swift */; };
		6E71A5EA7E4B9FBA62F9ED50 /* Pods_positifeedy.framework in Frameworks */ = {isa = PBXBuildFile; fileRef = D8BFCBF95D55B294A5A4F2C1 /* Pods_positifeedy.framework */; };
		880B12ED2543EE9900C08169 /* PostDetailViewController.swift in Sources */ = {isa = PBXBuildFile; fileRef = 880B12EC2543EE9900C08169 /* PostDetailViewController.swift */; };
		881D22AF251DC476006AE1D8 /* AdsTableViewCell.swift in Sources */ = {isa = PBXBuildFile; fileRef = 881D22AD251DC476006AE1D8 /* AdsTableViewCell.swift */; };
		881D22B0251DC476006AE1D8 /* AdsTableViewCell.xib in Resources */ = {isa = PBXBuildFile; fileRef = 881D22AE251DC476006AE1D8 /* AdsTableViewCell.xib */; };
		8838C123251DFA62005FDF45 /* GoogleAdBannerView.swift in Sources */ = {isa = PBXBuildFile; fileRef = 8838C122251DFA62005FDF45 /* GoogleAdBannerView.swift */; };
		884D5A13253710F900259DBE /* JournalViewController.swift in Sources */ = {isa = PBXBuildFile; fileRef = 884D5A12253710F900259DBE /* JournalViewController.swift */; };
		884D5A162537293200259DBE /* AdsCollectionViewCell.swift in Sources */ = {isa = PBXBuildFile; fileRef = 884D5A142537293200259DBE /* AdsCollectionViewCell.swift */; };
		884D5A172537293200259DBE /* AdsCollectionViewCell.xib in Resources */ = {isa = PBXBuildFile; fileRef = 884D5A152537293200259DBE /* AdsCollectionViewCell.xib */; };
		887C2996251F0F9E009AFA9E /* GoogleService-Info.plist in Resources */ = {isa = PBXBuildFile; fileRef = 887C2995251F0F9E009AFA9E /* GoogleService-Info.plist */; };
		887C2999251F1D8D009AFA9E /* MyTabbarVC.swift in Sources */ = {isa = PBXBuildFile; fileRef = 887C2998251F1D8D009AFA9E /* MyTabbarVC.swift */; };
		887C299E251F6FEE009AFA9E /* SF-Pro-Display-Semibold.otf in Resources */ = {isa = PBXBuildFile; fileRef = 887C299B251F6FEA009AFA9E /* SF-Pro-Display-Semibold.otf */; };
		887C299F251F6FEE009AFA9E /* SF-Pro-Display-Medium.otf in Resources */ = {isa = PBXBuildFile; fileRef = 887C299C251F6FEC009AFA9E /* SF-Pro-Display-Medium.otf */; };
		887C29A0251F6FEE009AFA9E /* SF-Pro-Display-Regular.otf in Resources */ = {isa = PBXBuildFile; fileRef = 887C299D251F6FEE009AFA9E /* SF-Pro-Display-Regular.otf */; };
		887C29AB251F751E009AFA9E /* TPKeyboardAvoidingTableView.m in Sources */ = {isa = PBXBuildFile; fileRef = 887C29A3251F750A009AFA9E /* TPKeyboardAvoidingTableView.m */; };
		887C29AC251F751E009AFA9E /* UIScrollView+TPKeyboardAvoidingAdditions.m in Sources */ = {isa = PBXBuildFile; fileRef = 887C29A6251F7513009AFA9E /* UIScrollView+TPKeyboardAvoidingAdditions.m */; };
		887C29AD251F751E009AFA9E /* TPKeyboardAvoidingScrollView.m in Sources */ = {isa = PBXBuildFile; fileRef = 887C29A8251F7519009AFA9E /* TPKeyboardAvoidingScrollView.m */; };
		887C29AE251F751E009AFA9E /* TPKeyboardAvoidingCollectionView.m in Sources */ = {isa = PBXBuildFile; fileRef = 887C29AA251F751E009AFA9E /* TPKeyboardAvoidingCollectionView.m */; };
		8885D47025493D9E004340CE /* MetadataCache.swift in Sources */ = {isa = PBXBuildFile; fileRef = 8885D46F25493D9E004340CE /* MetadataCache.swift */; };
		8885D472254967D4004340CE /* WebViewFeedy.swift in Sources */ = {isa = PBXBuildFile; fileRef = 8885D471254967D4004340CE /* WebViewFeedy.swift */; };
		8885D47E25498882004340CE /* SYPhotoViewController.m in Sources */ = {isa = PBXBuildFile; fileRef = 8885D47825498882004340CE /* SYPhotoViewController.m */; };
		8885D47F25498882004340CE /* SYPhotoBrowserCaptionLabel.m in Sources */ = {isa = PBXBuildFile; fileRef = 8885D47A25498882004340CE /* SYPhotoBrowserCaptionLabel.m */; };
		8885D48025498882004340CE /* SYPhotoBrowser.m in Sources */ = {isa = PBXBuildFile; fileRef = 8885D47C25498882004340CE /* SYPhotoBrowser.m */; };
		8885D48525498F80004340CE /* DALabeledCircularProgressView.m in Sources */ = {isa = PBXBuildFile; fileRef = 8885D48125498F77004340CE /* DALabeledCircularProgressView.m */; };
		8885D48625498F80004340CE /* DACircularProgressView.m in Sources */ = {isa = PBXBuildFile; fileRef = 8885D48325498F7D004340CE /* DACircularProgressView.m */; };
		88886A7F253D61DE00998E07 /* TTSegmentedControl.swift in Sources */ = {isa = PBXBuildFile; fileRef = 88886A7E253D61DE00998E07 /* TTSegmentedControl.swift */; };
		88D279FD2535AC3000B1DE72 /* FAPaginationLayout.swift in Sources */ = {isa = PBXBuildFile; fileRef = 88D279FC2535AC3000B1DE72 /* FAPaginationLayout.swift */; };
		88D27A002535ADBA00B1DE72 /* PositifeedyCell.swift in Sources */ = {isa = PBXBuildFile; fileRef = 88D279FE2535ADBA00B1DE72 /* PositifeedyCell.swift */; };
		88D27A012535ADBA00B1DE72 /* PositifeedyCell.xib in Resources */ = {isa = PBXBuildFile; fileRef = 88D279FF2535ADBA00B1DE72 /* PositifeedyCell.xib */; };
		88E1F3CF251C7E610086E650 /* Feed.swift in Sources */ = {isa = PBXBuildFile; fileRef = 88E1F3CE251C7E610086E650 /* Feed.swift */; };
		88E1F3D1251C91A60086E650 /* FeedCell.swift in Sources */ = {isa = PBXBuildFile; fileRef = 88E1F3D0251C91A60086E650 /* FeedCell.swift */; };
		88E1F3DF251C960E0086E650 /* mindfulness-garden.jpg in Resources */ = {isa = PBXBuildFile; fileRef = 88E1F3D3251C95F50086E650 /* mindfulness-garden.jpg */; };
		88E1F3E0251C960E0086E650 /* mindworks.png in Resources */ = {isa = PBXBuildFile; fileRef = 88E1F3D4251C95F70086E650 /* mindworks.png */; };
		88E1F3E1251C960E0086E650 /* mindfulnessminutes.jpg in Resources */ = {isa = PBXBuildFile; fileRef = 88E1F3D5251C95F90086E650 /* mindfulnessminutes.jpg */; };
		88E1F3E2251C960E0086E650 /* mindful.png in Resources */ = {isa = PBXBuildFile; fileRef = 88E1F3D6251C95FC0086E650 /* mindful.png */; };
		88E1F3E3251C960E0086E650 /* mybrainsnotbroken.jpg in Resources */ = {isa = PBXBuildFile; fileRef = 88E1F3D7251C95FE0086E650 /* mybrainsnotbroken.jpg */; };
		88E1F3E4251C960E0086E650 /* thetreamentspecialist.png in Resources */ = {isa = PBXBuildFile; fileRef = 88E1F3D8251C96000086E650 /* thetreamentspecialist.png */; };
		88E1F3E5251C960E0086E650 /* blunt-therapy.jpg in Resources */ = {isa = PBXBuildFile; fileRef = 88E1F3D9251C96030086E650 /* blunt-therapy.jpg */; };
		88E1F3E6251C960E0086E650 /* defyingmentalillness.jpg in Resources */ = {isa = PBXBuildFile; fileRef = 88E1F3DA251C96050086E650 /* defyingmentalillness.jpg */; };
		88E1F3E7251C960E0086E650 /* natashatracy.jpg in Resources */ = {isa = PBXBuildFile; fileRef = 88E1F3DB251C96080086E650 /* natashatracy.jpg */; };
		88E1F3E8251C960E0086E650 /* psychologytoday.png in Resources */ = {isa = PBXBuildFile; fileRef = 88E1F3DC251C960B0086E650 /* psychologytoday.png */; };
		88E1F3E9251C960E0086E650 /* mrsmindfulness.jpg in Resources */ = {isa = PBXBuildFile; fileRef = 88E1F3DD251C960D0086E650 /* mrsmindfulness.jpg */; };
		88E1F3EA251C960E0086E650 /* tinybuddha.png in Resources */ = {isa = PBXBuildFile; fileRef = 88E1F3DE251C960E0086E650 /* tinybuddha.png */; };
		88E1F3EC251CA4D70086E650 /* WebKit.framework in Frameworks */ = {isa = PBXBuildFile; fileRef = 88E1F3EB251CA4D70086E650 /* WebKit.framework */; };
		88E1F3EE251CA5A40086E650 /* WebViewVC.swift in Sources */ = {isa = PBXBuildFile; fileRef = 88E1F3ED251CA5A40086E650 /* WebViewVC.swift */; };
		88E1F3F1251CB1350086E650 /* positifeedy.xcdatamodeld in Sources */ = {isa = PBXBuildFile; fileRef = 88E1F3EF251CB1350086E650 /* positifeedy.xcdatamodeld */; };
		88E1F418251CBD260086E650 /* FeedCell.xib in Resources */ = {isa = PBXBuildFile; fileRef = 88E1F416251CBD260086E650 /* FeedCell.xib */; };
		88E1F41A251CBFAC0086E650 /* BookMarkVc.swift in Sources */ = {isa = PBXBuildFile; fileRef = 88E1F419251CBFAC0086E650 /* BookMarkVc.swift */; };
		88EE3EC0254848C300E87380 /* FeedyCell.swift in Sources */ = {isa = PBXBuildFile; fileRef = 88EE3EBE254848C300E87380 /* FeedyCell.swift */; };
		88EE3EC1254848C300E87380 /* FeedyCell.xib in Resources */ = {isa = PBXBuildFile; fileRef = 88EE3EBF254848C300E87380 /* FeedyCell.xib */; };
/* End PBXBuildFile section */

/* Begin PBXFileReference section */
		4030A55FA710C7C8A9658B36 /* Pods-positifeedy.debug.xcconfig */ = {isa = PBXFileReference; includeInIndex = 1; lastKnownFileType = text.xcconfig; name = "Pods-positifeedy.debug.xcconfig"; path = "Target Support Files/Pods-positifeedy/Pods-positifeedy.debug.xcconfig"; sourceTree = "<group>"; };
		40CF1B4C250BC432003B3B82 /* positifeedy.app */ = {isa = PBXFileReference; explicitFileType = wrapper.application; includeInIndex = 0; path = positifeedy.app; sourceTree = BUILT_PRODUCTS_DIR; };
		40CF1B4F250BC432003B3B82 /* AppDelegate.swift */ = {isa = PBXFileReference; lastKnownFileType = sourcecode.swift; path = AppDelegate.swift; sourceTree = "<group>"; };
		40CF1B53250BC432003B3B82 /* ViewController.swift */ = {isa = PBXFileReference; lastKnownFileType = sourcecode.swift; path = ViewController.swift; sourceTree = "<group>"; };
		40CF1B56250BC432003B3B82 /* Base */ = {isa = PBXFileReference; lastKnownFileType = file.storyboard; name = Base; path = Base.lproj/Main.storyboard; sourceTree = "<group>"; };
		40CF1B58250BC434003B3B82 /* Assets.xcassets */ = {isa = PBXFileReference; lastKnownFileType = folder.assetcatalog; path = Assets.xcassets; sourceTree = "<group>"; };
		40CF1B5B250BC434003B3B82 /* Base */ = {isa = PBXFileReference; lastKnownFileType = file.storyboard; name = Base; path = Base.lproj/LaunchScreen.storyboard; sourceTree = "<group>"; };
		40CF1B5D250BC434003B3B82 /* Info.plist */ = {isa = PBXFileReference; lastKnownFileType = text.plist.xml; path = Info.plist; sourceTree = "<group>"; };
		40CF1B65250C8F15003B3B82 /* signUpViewController.swift */ = {isa = PBXFileReference; lastKnownFileType = sourcecode.swift; path = signUpViewController.swift; sourceTree = "<group>"; };
		40CF1B67250C8F24003B3B82 /* logInViewController.swift */ = {isa = PBXFileReference; lastKnownFileType = sourcecode.swift; path = logInViewController.swift; sourceTree = "<group>"; };
		40CF1B69250C8F39003B3B82 /* Constants.swift */ = {isa = PBXFileReference; lastKnownFileType = sourcecode.swift; path = Constants.swift; sourceTree = "<group>"; };
		40CF1B6B250C8F57003B3B82 /* Utilities.swift */ = {isa = PBXFileReference; lastKnownFileType = sourcecode.swift; path = Utilities.swift; sourceTree = "<group>"; };
		40CF1B6D250C9039003B3B82 /* welcomeViewController.swift */ = {isa = PBXFileReference; lastKnownFileType = sourcecode.swift; path = welcomeViewController.swift; sourceTree = "<group>"; };
		479E5DE322C08E14E6DD41FD /* Pods-positifeedy.release.xcconfig */ = {isa = PBXFileReference; includeInIndex = 1; lastKnownFileType = text.xcconfig; name = "Pods-positifeedy.release.xcconfig"; path = "Target Support Files/Pods-positifeedy/Pods-positifeedy.release.xcconfig"; sourceTree = "<group>"; };
		50066E3A2584E91A0026FE90 /* ConstDec.h */ = {isa = PBXFileReference; lastKnownFileType = sourcecode.c.h; path = ConstDec.h; sourceTree = "<group>"; };
		50066E3B258512720026FE90 /* SetttingScreenVC.swift */ = {isa = PBXFileReference; lastKnownFileType = sourcecode.swift; path = SetttingScreenVC.swift; sourceTree = "<group>"; };
		50066E3D2585145B0026FE90 /* TblSettingCell.swift */ = {isa = PBXFileReference; lastKnownFileType = sourcecode.swift; path = TblSettingCell.swift; sourceTree = "<group>"; };
		50066E3E2585145B0026FE90 /* TblSettingCell.xib */ = {isa = PBXFileReference; lastKnownFileType = file.xib; path = TblSettingCell.xib; sourceTree = "<group>"; };
		50126D1325C589EF00E0CCF5 /* TblFeedTextCell.swift */ = {isa = PBXFileReference; lastKnownFileType = sourcecode.swift; path = TblFeedTextCell.swift; sourceTree = "<group>"; };
		50126D1425C589EF00E0CCF5 /* TblFeedTextCell.xib */ = {isa = PBXFileReference; lastKnownFileType = file.xib; path = TblFeedTextCell.xib; sourceTree = "<group>"; };
		5021713E2588CCEC0050B0FE /* StoreKit.framework */ = {isa = PBXFileReference; lastKnownFileType = wrapper.framework; name = StoreKit.framework; path = System/Library/Frameworks/StoreKit.framework; sourceTree = SDKROOT; };
		50235B3C25AC8CE600F02DD9 /* PrivacyPolicyScreenVC.swift */ = {isa = PBXFileReference; lastKnownFileType = sourcecode.swift; path = PrivacyPolicyScreenVC.swift; sourceTree = "<group>"; };
		502CDCD525824D7F0034AE5F /* SubscriptionViewController.swift */ = {isa = PBXFileReference; lastKnownFileType = sourcecode.swift; path = SubscriptionViewController.swift; sourceTree = "<group>"; };
		502D478E25839F8B0051F512 /* AnswerOfQuestionVC.swift */ = {isa = PBXFileReference; lastKnownFileType = sourcecode.swift; path = AnswerOfQuestionVC.swift; sourceTree = "<group>"; };
		502D47912583B7F90051F512 /* tblJournalCell.swift */ = {isa = PBXFileReference; lastKnownFileType = sourcecode.swift; path = tblJournalCell.swift; sourceTree = "<group>"; };
		502D47922583B7F90051F512 /* tblJournalCell.xib */ = {isa = PBXFileReference; lastKnownFileType = file.xib; path = tblJournalCell.xib; sourceTree = "<group>"; };
		502D47952583BD1D0051F512 /* AnswerDetailsVC.swift */ = {isa = PBXFileReference; lastKnownFileType = sourcecode.swift; path = AnswerDetailsVC.swift; sourceTree = "<group>"; };
		504D2DC6258CC87A0057ADB5 /* KeychainItem.swift */ = {isa = PBXFileReference; fileEncoding = 4; lastKnownFileType = sourcecode.swift; path = KeychainItem.swift; sourceTree = "<group>"; };
		5057A18625ADB834002255CB /* privacy_doc.pdf */ = {isa = PBXFileReference; lastKnownFileType = image.pdf; path = privacy_doc.pdf; sourceTree = "<group>"; };
		5057A18725ADB838002255CB /* terms_doc.pdf */ = {isa = PBXFileReference; lastKnownFileType = image.pdf; path = terms_doc.pdf; sourceTree = "<group>"; };
		5057A18A25ADCB12002255CB /* AVFoundation.framework */ = {isa = PBXFileReference; lastKnownFileType = wrapper.framework; name = AVFoundation.framework; path = System/Library/Frameworks/AVFoundation.framework; sourceTree = SDKROOT; };
		5057A18C25ADF63D002255CB /* splash.mov */ = {isa = PBXFileReference; lastKnownFileType = video.quicktime; path = splash.mov; sourceTree = "<group>"; };
		505AE182258792A900DD7079 /* TermsNConditionVC.swift */ = {isa = PBXFileReference; lastKnownFileType = sourcecode.swift; path = TermsNConditionVC.swift; sourceTree = "<group>"; };
		505C737925BAD0C5009BB98B /* AuthenticationServices.framework */ = {isa = PBXFileReference; lastKnownFileType = wrapper.framework; name = AuthenticationServices.framework; path = System/Library/Frameworks/AuthenticationServices.framework; sourceTree = SDKROOT; };
		505C737B25BAD47A009BB98B /* CryptoKit.framework */ = {isa = PBXFileReference; lastKnownFileType = wrapper.framework; name = CryptoKit.framework; path = System/Library/Frameworks/CryptoKit.framework; sourceTree = SDKROOT; };
		50913DB8258A45F300878FD3 /* GreetingViewController.swift */ = {isa = PBXFileReference; fileEncoding = 4; lastKnownFileType = sourcecode.swift; path = GreetingViewController.swift; sourceTree = "<group>"; };
		50955B3A258B83F900B84DD6 /* GreetingViewControllerProfile.swift */ = {isa = PBXFileReference; lastKnownFileType = sourcecode.swift; path = GreetingViewControllerProfile.swift; sourceTree = "<group>"; };
		880B12EC2543EE9900C08169 /* PostDetailViewController.swift */ = {isa = PBXFileReference; lastKnownFileType = sourcecode.swift; path = PostDetailViewController.swift; sourceTree = "<group>"; };
		881D22AD251DC476006AE1D8 /* AdsTableViewCell.swift */ = {isa = PBXFileReference; lastKnownFileType = sourcecode.swift; path = AdsTableViewCell.swift; sourceTree = "<group>"; };
		881D22AE251DC476006AE1D8 /* AdsTableViewCell.xib */ = {isa = PBXFileReference; lastKnownFileType = file.xib; path = AdsTableViewCell.xib; sourceTree = "<group>"; };
		881D22B1251DCD61006AE1D8 /* positifeedy.entitlements */ = {isa = PBXFileReference; lastKnownFileType = text.plist.entitlements; path = positifeedy.entitlements; sourceTree = "<group>"; };
		8838C122251DFA62005FDF45 /* GoogleAdBannerView.swift */ = {isa = PBXFileReference; lastKnownFileType = sourcecode.swift; path = GoogleAdBannerView.swift; sourceTree = "<group>"; };
		884D5A12253710F900259DBE /* JournalViewController.swift */ = {isa = PBXFileReference; lastKnownFileType = sourcecode.swift; path = JournalViewController.swift; sourceTree = "<group>"; };
		884D5A142537293200259DBE /* AdsCollectionViewCell.swift */ = {isa = PBXFileReference; lastKnownFileType = sourcecode.swift; path = AdsCollectionViewCell.swift; sourceTree = "<group>"; };
		884D5A152537293200259DBE /* AdsCollectionViewCell.xib */ = {isa = PBXFileReference; lastKnownFileType = file.xib; path = AdsCollectionViewCell.xib; sourceTree = "<group>"; };
		887C2995251F0F9E009AFA9E /* GoogleService-Info.plist */ = {isa = PBXFileReference; fileEncoding = 4; lastKnownFileType = text.plist.xml; path = "GoogleService-Info.plist"; sourceTree = "<group>"; };
		887C2998251F1D8D009AFA9E /* MyTabbarVC.swift */ = {isa = PBXFileReference; lastKnownFileType = sourcecode.swift; path = MyTabbarVC.swift; sourceTree = "<group>"; };
		887C299B251F6FEA009AFA9E /* SF-Pro-Display-Semibold.otf */ = {isa = PBXFileReference; lastKnownFileType = file; path = "SF-Pro-Display-Semibold.otf"; sourceTree = "<group>"; };
		887C299C251F6FEC009AFA9E /* SF-Pro-Display-Medium.otf */ = {isa = PBXFileReference; lastKnownFileType = file; path = "SF-Pro-Display-Medium.otf"; sourceTree = "<group>"; };
		887C299D251F6FEE009AFA9E /* SF-Pro-Display-Regular.otf */ = {isa = PBXFileReference; lastKnownFileType = file; path = "SF-Pro-Display-Regular.otf"; sourceTree = "<group>"; };
		887C29A2251F7507009AFA9E /* positifeedy-Bridging-Header.h */ = {isa = PBXFileReference; lastKnownFileType = sourcecode.c.h; path = "positifeedy-Bridging-Header.h"; sourceTree = "<group>"; };
		887C29A3251F750A009AFA9E /* TPKeyboardAvoidingTableView.m */ = {isa = PBXFileReference; fileEncoding = 4; lastKnownFileType = sourcecode.c.objc; path = TPKeyboardAvoidingTableView.m; sourceTree = "<group>"; };
		887C29A4251F750D009AFA9E /* TPKeyboardAvoidingCollectionView.h */ = {isa = PBXFileReference; fileEncoding = 4; lastKnownFileType = sourcecode.c.h; path = TPKeyboardAvoidingCollectionView.h; sourceTree = "<group>"; };
		887C29A5251F7511009AFA9E /* TPKeyboardAvoidingTableView.h */ = {isa = PBXFileReference; fileEncoding = 4; lastKnownFileType = sourcecode.c.h; path = TPKeyboardAvoidingTableView.h; sourceTree = "<group>"; };
		887C29A6251F7513009AFA9E /* UIScrollView+TPKeyboardAvoidingAdditions.m */ = {isa = PBXFileReference; fileEncoding = 4; lastKnownFileType = sourcecode.c.objc; path = "UIScrollView+TPKeyboardAvoidingAdditions.m"; sourceTree = "<group>"; };
		887C29A7251F7516009AFA9E /* UIScrollView+TPKeyboardAvoidingAdditions.h */ = {isa = PBXFileReference; fileEncoding = 4; lastKnownFileType = sourcecode.c.h; path = "UIScrollView+TPKeyboardAvoidingAdditions.h"; sourceTree = "<group>"; };
		887C29A8251F7519009AFA9E /* TPKeyboardAvoidingScrollView.m */ = {isa = PBXFileReference; fileEncoding = 4; lastKnownFileType = sourcecode.c.objc; path = TPKeyboardAvoidingScrollView.m; sourceTree = "<group>"; };
		887C29A9251F751B009AFA9E /* TPKeyboardAvoidingScrollView.h */ = {isa = PBXFileReference; fileEncoding = 4; lastKnownFileType = sourcecode.c.h; path = TPKeyboardAvoidingScrollView.h; sourceTree = "<group>"; };
		887C29AA251F751E009AFA9E /* TPKeyboardAvoidingCollectionView.m */ = {isa = PBXFileReference; fileEncoding = 4; lastKnownFileType = sourcecode.c.objc; path = TPKeyboardAvoidingCollectionView.m; sourceTree = "<group>"; };
		8885D46F25493D9E004340CE /* MetadataCache.swift */ = {isa = PBXFileReference; fileEncoding = 4; lastKnownFileType = sourcecode.swift; path = MetadataCache.swift; sourceTree = "<group>"; };
		8885D471254967D4004340CE /* WebViewFeedy.swift */ = {isa = PBXFileReference; lastKnownFileType = sourcecode.swift; path = WebViewFeedy.swift; sourceTree = "<group>"; };
		8885D47825498882004340CE /* SYPhotoViewController.m */ = {isa = PBXFileReference; fileEncoding = 4; lastKnownFileType = sourcecode.c.objc; path = SYPhotoViewController.m; sourceTree = "<group>"; };
		8885D47925498882004340CE /* SYPhotoBrowser.h */ = {isa = PBXFileReference; fileEncoding = 4; lastKnownFileType = sourcecode.c.h; path = SYPhotoBrowser.h; sourceTree = "<group>"; };
		8885D47A25498882004340CE /* SYPhotoBrowserCaptionLabel.m */ = {isa = PBXFileReference; fileEncoding = 4; lastKnownFileType = sourcecode.c.objc; path = SYPhotoBrowserCaptionLabel.m; sourceTree = "<group>"; };
		8885D47B25498882004340CE /* SYPhotoViewController.h */ = {isa = PBXFileReference; fileEncoding = 4; lastKnownFileType = sourcecode.c.h; path = SYPhotoViewController.h; sourceTree = "<group>"; };
		8885D47C25498882004340CE /* SYPhotoBrowser.m */ = {isa = PBXFileReference; fileEncoding = 4; lastKnownFileType = sourcecode.c.objc; path = SYPhotoBrowser.m; sourceTree = "<group>"; };
		8885D47D25498882004340CE /* SYPhotoBrowserCaptionLabel.h */ = {isa = PBXFileReference; fileEncoding = 4; lastKnownFileType = sourcecode.c.h; path = SYPhotoBrowserCaptionLabel.h; sourceTree = "<group>"; };
		8885D48125498F77004340CE /* DALabeledCircularProgressView.m */ = {isa = PBXFileReference; fileEncoding = 4; lastKnownFileType = sourcecode.c.objc; path = DALabeledCircularProgressView.m; sourceTree = "<group>"; };
		8885D48225498F79004340CE /* DALabeledCircularProgressView.h */ = {isa = PBXFileReference; fileEncoding = 4; lastKnownFileType = sourcecode.c.h; path = DALabeledCircularProgressView.h; sourceTree = "<group>"; };
		8885D48325498F7D004340CE /* DACircularProgressView.m */ = {isa = PBXFileReference; fileEncoding = 4; lastKnownFileType = sourcecode.c.objc; path = DACircularProgressView.m; sourceTree = "<group>"; };
		8885D48425498F80004340CE /* DACircularProgressView.h */ = {isa = PBXFileReference; fileEncoding = 4; lastKnownFileType = sourcecode.c.h; path = DACircularProgressView.h; sourceTree = "<group>"; };
		88886A7E253D61DE00998E07 /* TTSegmentedControl.swift */ = {isa = PBXFileReference; fileEncoding = 4; lastKnownFileType = sourcecode.swift; path = TTSegmentedControl.swift; sourceTree = "<group>"; };
		88D279FC2535AC3000B1DE72 /* FAPaginationLayout.swift */ = {isa = PBXFileReference; fileEncoding = 4; lastKnownFileType = sourcecode.swift; path = FAPaginationLayout.swift; sourceTree = "<group>"; };
		88D279FE2535ADBA00B1DE72 /* PositifeedyCell.swift */ = {isa = PBXFileReference; lastKnownFileType = sourcecode.swift; path = PositifeedyCell.swift; sourceTree = "<group>"; };
		88D279FF2535ADBA00B1DE72 /* PositifeedyCell.xib */ = {isa = PBXFileReference; lastKnownFileType = file.xib; path = PositifeedyCell.xib; sourceTree = "<group>"; };
		88E1F3CE251C7E610086E650 /* Feed.swift */ = {isa = PBXFileReference; lastKnownFileType = sourcecode.swift; path = Feed.swift; sourceTree = "<group>"; };
		88E1F3D0251C91A60086E650 /* FeedCell.swift */ = {isa = PBXFileReference; lastKnownFileType = sourcecode.swift; path = FeedCell.swift; sourceTree = "<group>"; };
		88E1F3D3251C95F50086E650 /* mindfulness-garden.jpg */ = {isa = PBXFileReference; lastKnownFileType = image.jpeg; path = "mindfulness-garden.jpg"; sourceTree = "<group>"; };
		88E1F3D4251C95F70086E650 /* mindworks.png */ = {isa = PBXFileReference; lastKnownFileType = image.png; path = mindworks.png; sourceTree = "<group>"; };
		88E1F3D5251C95F90086E650 /* mindfulnessminutes.jpg */ = {isa = PBXFileReference; lastKnownFileType = image.jpeg; path = mindfulnessminutes.jpg; sourceTree = "<group>"; };
		88E1F3D6251C95FC0086E650 /* mindful.png */ = {isa = PBXFileReference; lastKnownFileType = image.png; path = mindful.png; sourceTree = "<group>"; };
		88E1F3D7251C95FE0086E650 /* mybrainsnotbroken.jpg */ = {isa = PBXFileReference; lastKnownFileType = image.jpeg; path = mybrainsnotbroken.jpg; sourceTree = "<group>"; };
		88E1F3D8251C96000086E650 /* thetreamentspecialist.png */ = {isa = PBXFileReference; lastKnownFileType = image.png; path = thetreamentspecialist.png; sourceTree = "<group>"; };
		88E1F3D9251C96030086E650 /* blunt-therapy.jpg */ = {isa = PBXFileReference; lastKnownFileType = image.jpeg; path = "blunt-therapy.jpg"; sourceTree = "<group>"; };
		88E1F3DA251C96050086E650 /* defyingmentalillness.jpg */ = {isa = PBXFileReference; lastKnownFileType = image.jpeg; path = defyingmentalillness.jpg; sourceTree = "<group>"; };
		88E1F3DB251C96080086E650 /* natashatracy.jpg */ = {isa = PBXFileReference; lastKnownFileType = image.jpeg; path = natashatracy.jpg; sourceTree = "<group>"; };
		88E1F3DC251C960B0086E650 /* psychologytoday.png */ = {isa = PBXFileReference; lastKnownFileType = image.png; path = psychologytoday.png; sourceTree = "<group>"; };
		88E1F3DD251C960D0086E650 /* mrsmindfulness.jpg */ = {isa = PBXFileReference; lastKnownFileType = image.jpeg; path = mrsmindfulness.jpg; sourceTree = "<group>"; };
		88E1F3DE251C960E0086E650 /* tinybuddha.png */ = {isa = PBXFileReference; lastKnownFileType = image.png; path = tinybuddha.png; sourceTree = "<group>"; };
		88E1F3EB251CA4D70086E650 /* WebKit.framework */ = {isa = PBXFileReference; lastKnownFileType = wrapper.framework; name = WebKit.framework; path = System/Library/Frameworks/WebKit.framework; sourceTree = SDKROOT; };
		88E1F3ED251CA5A40086E650 /* WebViewVC.swift */ = {isa = PBXFileReference; lastKnownFileType = sourcecode.swift; path = WebViewVC.swift; sourceTree = "<group>"; };
		88E1F3F0251CB1350086E650 /* positifeedy.xcdatamodel */ = {isa = PBXFileReference; lastKnownFileType = wrapper.xcdatamodel; path = positifeedy.xcdatamodel; sourceTree = "<group>"; };
		88E1F416251CBD260086E650 /* FeedCell.xib */ = {isa = PBXFileReference; lastKnownFileType = file.xib; path = FeedCell.xib; sourceTree = "<group>"; };
		88E1F419251CBFAC0086E650 /* BookMarkVc.swift */ = {isa = PBXFileReference; lastKnownFileType = sourcecode.swift; path = BookMarkVc.swift; sourceTree = "<group>"; };
		88EE3EBE254848C300E87380 /* FeedyCell.swift */ = {isa = PBXFileReference; lastKnownFileType = sourcecode.swift; path = FeedyCell.swift; sourceTree = "<group>"; };
		88EE3EBF254848C300E87380 /* FeedyCell.xib */ = {isa = PBXFileReference; lastKnownFileType = file.xib; path = FeedyCell.xib; sourceTree = "<group>"; };
		D8BFCBF95D55B294A5A4F2C1 /* Pods_positifeedy.framework */ = {isa = PBXFileReference; explicitFileType = wrapper.framework; includeInIndex = 0; path = Pods_positifeedy.framework; sourceTree = BUILT_PRODUCTS_DIR; };
/* End PBXFileReference section */

/* Begin PBXFrameworksBuildPhase section */
		40CF1B49250BC432003B3B82 /* Frameworks */ = {
			isa = PBXFrameworksBuildPhase;
			buildActionMask = 2147483647;
			files = (
				505C737C25BAD47A009BB98B /* CryptoKit.framework in Frameworks */,
				505C737A25BAD0C5009BB98B /* AuthenticationServices.framework in Frameworks */,
				5057A18B25ADCB12002255CB /* AVFoundation.framework in Frameworks */,
				5021713F2588CCEC0050B0FE /* StoreKit.framework in Frameworks */,
				88E1F3EC251CA4D70086E650 /* WebKit.framework in Frameworks */,
				6E71A5EA7E4B9FBA62F9ED50 /* Pods_positifeedy.framework in Frameworks */,
			);
			runOnlyForDeploymentPostprocessing = 0;
		};
/* End PBXFrameworksBuildPhase section */

/* Begin PBXGroup section */
		19936291568FAB04946D6077 /* Pods */ = {
			isa = PBXGroup;
			children = (
				4030A55FA710C7C8A9658B36 /* Pods-positifeedy.debug.xcconfig */,
				479E5DE322C08E14E6DD41FD /* Pods-positifeedy.release.xcconfig */,
			);
			path = Pods;
			sourceTree = "<group>";
		};
		1F6195248221989B1EA618B3 /* Frameworks */ = {
			isa = PBXGroup;
			children = (
				505C737B25BAD47A009BB98B /* CryptoKit.framework */,
				505C737925BAD0C5009BB98B /* AuthenticationServices.framework */,
				5057A18A25ADCB12002255CB /* AVFoundation.framework */,
				5021713E2588CCEC0050B0FE /* StoreKit.framework */,
				88E1F3EB251CA4D70086E650 /* WebKit.framework */,
				D8BFCBF95D55B294A5A4F2C1 /* Pods_positifeedy.framework */,
			);
			name = Frameworks;
			sourceTree = "<group>";
		};
		40CF1B43250BC431003B3B82 = {
			isa = PBXGroup;
			children = (
				40CF1B4E250BC432003B3B82 /* positifeedy */,
				40CF1B4D250BC432003B3B82 /* Products */,
				19936291568FAB04946D6077 /* Pods */,
				1F6195248221989B1EA618B3 /* Frameworks */,
			);
			sourceTree = "<group>";
		};
		40CF1B4D250BC432003B3B82 /* Products */ = {
			isa = PBXGroup;
			children = (
				40CF1B4C250BC432003B3B82 /* positifeedy.app */,
			);
			name = Products;
			sourceTree = "<group>";
		};
		40CF1B4E250BC432003B3B82 /* positifeedy */ = {
			isa = PBXGroup;
			children = (
				50126D1225C589D000E0CCF5 /* New Group */,
				5057A18C25ADF63D002255CB /* splash.mov */,
				5057A17F25ADB7EB002255CB /* TermsAndPrivacy */,
				502D47902583B7DC0051F512 /* TableViewCell */,
				887C29A1251F74F5009AFA9E /* Keyboard  */,
				887C299A251F6FDA009AFA9E /* Font */,
				887C2997251F1D28009AFA9E /* Tabbar */,
				881D22B1251DCD61006AE1D8 /* positifeedy.entitlements */,
				88E1F3D2251C95DC0086E650 /* Images */,
				88E1F3CD251C7E490086E650 /* model */,
				88D279FB2535AC1B00B1DE72 /* Libraries */,
				40CF1B6B250C8F57003B3B82 /* Utilities.swift */,
				504D2DC6258CC87A0057ADB5 /* KeychainItem.swift */,
				50913DB8258A45F300878FD3 /* GreetingViewController.swift */,
				50955B3A258B83F900B84DD6 /* GreetingViewControllerProfile.swift */,
				40CF1B69250C8F39003B3B82 /* Constants.swift */,
				40CF1B4F250BC432003B3B82 /* AppDelegate.swift */,
				40CF1B53250BC432003B3B82 /* ViewController.swift */,
				40CF1B67250C8F24003B3B82 /* logInViewController.swift */,
				40CF1B65250C8F15003B3B82 /* signUpViewController.swift */,
				40CF1B6D250C9039003B3B82 /* welcomeViewController.swift */,
				880B12EC2543EE9900C08169 /* PostDetailViewController.swift */,
				88D279FE2535ADBA00B1DE72 /* PositifeedyCell.swift */,
				88D279FF2535ADBA00B1DE72 /* PositifeedyCell.xib */,
				50126D1325C589EF00E0CCF5 /* TblFeedTextCell.swift */,
				50126D1425C589EF00E0CCF5 /* TblFeedTextCell.xib */,
				88E1F3D0251C91A60086E650 /* FeedCell.swift */,
				88E1F416251CBD260086E650 /* FeedCell.xib */,
				88EE3EBE254848C300E87380 /* FeedyCell.swift */,
				88EE3EBF254848C300E87380 /* FeedyCell.xib */,
				88E1F3ED251CA5A40086E650 /* WebViewVC.swift */,
				8885D471254967D4004340CE /* WebViewFeedy.swift */,
				88E1F419251CBFAC0086E650 /* BookMarkVc.swift */,
				884D5A12253710F900259DBE /* JournalViewController.swift */,
				881D22AD251DC476006AE1D8 /* AdsTableViewCell.swift */,
				881D22AE251DC476006AE1D8 /* AdsTableViewCell.xib */,
				884D5A142537293200259DBE /* AdsCollectionViewCell.swift */,
				884D5A152537293200259DBE /* AdsCollectionViewCell.xib */,
				8838C122251DFA62005FDF45 /* GoogleAdBannerView.swift */,
				502D478E25839F8B0051F512 /* AnswerOfQuestionVC.swift */,
				502CDCD525824D7F0034AE5F /* SubscriptionViewController.swift */,
				502D47952583BD1D0051F512 /* AnswerDetailsVC.swift */,
				50066E3B258512720026FE90 /* SetttingScreenVC.swift */,
				505AE182258792A900DD7079 /* TermsNConditionVC.swift */,
				50235B3C25AC8CE600F02DD9 /* PrivacyPolicyScreenVC.swift */,
				40CF1B55250BC432003B3B82 /* Main.storyboard */,
				40CF1B58250BC434003B3B82 /* Assets.xcassets */,
				40CF1B5A250BC434003B3B82 /* LaunchScreen.storyboard */,
				40CF1B5D250BC434003B3B82 /* Info.plist */,
				887C2995251F0F9E009AFA9E /* GoogleService-Info.plist */,
				88E1F3EF251CB1350086E650 /* positifeedy.xcdatamodeld */,
				50066E3A2584E91A0026FE90 /* ConstDec.h */,
			);
			path = positifeedy;
			sourceTree = "<group>";
		};
		50126D1225C589D000E0CCF5 /* New Group */ = {
			isa = PBXGroup;
			children = (
			);
			path = "New Group";
			sourceTree = "<group>";
		};
		502D47902583B7DC0051F512 /* TableViewCell */ = {
			isa = PBXGroup;
			children = (
				502D47912583B7F90051F512 /* tblJournalCell.swift */,
				502D47922583B7F90051F512 /* tblJournalCell.xib */,
				50066E3D2585145B0026FE90 /* TblSettingCell.swift */,
				50066E3E2585145B0026FE90 /* TblSettingCell.xib */,
			);
			path = TableViewCell;
			sourceTree = "<group>";
		};
		5057A17F25ADB7EB002255CB /* TermsAndPrivacy */ = {
			isa = PBXGroup;
			children = (
				5057A18625ADB834002255CB /* privacy_doc.pdf */,
				5057A18725ADB838002255CB /* terms_doc.pdf */,
			);
			path = TermsAndPrivacy;
			sourceTree = "<group>";
		};
		887C2997251F1D28009AFA9E /* Tabbar */ = {
			isa = PBXGroup;
			children = (
				887C2998251F1D8D009AFA9E /* MyTabbarVC.swift */,
			);
			path = Tabbar;
			sourceTree = "<group>";
		};
		887C299A251F6FDA009AFA9E /* Font */ = {
			isa = PBXGroup;
			children = (
				887C299C251F6FEC009AFA9E /* SF-Pro-Display-Medium.otf */,
				887C299D251F6FEE009AFA9E /* SF-Pro-Display-Regular.otf */,
				887C299B251F6FEA009AFA9E /* SF-Pro-Display-Semibold.otf */,
			);
			path = Font;
			sourceTree = "<group>";
		};
		887C29A1251F74F5009AFA9E /* Keyboard  */ = {
			isa = PBXGroup;
			children = (
				887C29A4251F750D009AFA9E /* TPKeyboardAvoidingCollectionView.h */,
				887C29AA251F751E009AFA9E /* TPKeyboardAvoidingCollectionView.m */,
				887C29A9251F751B009AFA9E /* TPKeyboardAvoidingScrollView.h */,
				887C29A8251F7519009AFA9E /* TPKeyboardAvoidingScrollView.m */,
				887C29A5251F7511009AFA9E /* TPKeyboardAvoidingTableView.h */,
				887C29A3251F750A009AFA9E /* TPKeyboardAvoidingTableView.m */,
				887C29A7251F7516009AFA9E /* UIScrollView+TPKeyboardAvoidingAdditions.h */,
				887C29A6251F7513009AFA9E /* UIScrollView+TPKeyboardAvoidingAdditions.m */,
				887C29A2251F7507009AFA9E /* positifeedy-Bridging-Header.h */,
			);
			path = "Keyboard ";
			sourceTree = "<group>";
		};
		8885D47725498882004340CE /* SYPhotoBrowser */ = {
			isa = PBXGroup;
			children = (
				8885D48425498F80004340CE /* DACircularProgressView.h */,
				8885D48325498F7D004340CE /* DACircularProgressView.m */,
				8885D48225498F79004340CE /* DALabeledCircularProgressView.h */,
				8885D48125498F77004340CE /* DALabeledCircularProgressView.m */,
				8885D47825498882004340CE /* SYPhotoViewController.m */,
				8885D47925498882004340CE /* SYPhotoBrowser.h */,
				8885D47A25498882004340CE /* SYPhotoBrowserCaptionLabel.m */,
				8885D47B25498882004340CE /* SYPhotoViewController.h */,
				8885D47C25498882004340CE /* SYPhotoBrowser.m */,
				8885D47D25498882004340CE /* SYPhotoBrowserCaptionLabel.h */,
			);
			path = SYPhotoBrowser;
			sourceTree = "<group>";
		};
		88D279FB2535AC1B00B1DE72 /* Libraries */ = {
			isa = PBXGroup;
			children = (
				8885D47725498882004340CE /* SYPhotoBrowser */,
				8885D46F25493D9E004340CE /* MetadataCache.swift */,
				88886A7E253D61DE00998E07 /* TTSegmentedControl.swift */,
				88D279FC2535AC3000B1DE72 /* FAPaginationLayout.swift */,
			);
			path = Libraries;
			sourceTree = "<group>";
		};
		88E1F3CD251C7E490086E650 /* model */ = {
			isa = PBXGroup;
			children = (
				88E1F3CE251C7E610086E650 /* Feed.swift */,
			);
			path = model;
			sourceTree = "<group>";
		};
		88E1F3D2251C95DC0086E650 /* Images */ = {
			isa = PBXGroup;
			children = (
				88E1F3D9251C96030086E650 /* blunt-therapy.jpg */,
				88E1F3DA251C96050086E650 /* defyingmentalillness.jpg */,
				88E1F3D3251C95F50086E650 /* mindfulness-garden.jpg */,
				88E1F3D5251C95F90086E650 /* mindfulnessminutes.jpg */,
				88E1F3D6251C95FC0086E650 /* mindful.png */,
				88E1F3D4251C95F70086E650 /* mindworks.png */,
				88E1F3DD251C960D0086E650 /* mrsmindfulness.jpg */,
				88E1F3D7251C95FE0086E650 /* mybrainsnotbroken.jpg */,
				88E1F3DB251C96080086E650 /* natashatracy.jpg */,
				88E1F3DC251C960B0086E650 /* psychologytoday.png */,
				88E1F3D8251C96000086E650 /* thetreamentspecialist.png */,
				88E1F3DE251C960E0086E650 /* tinybuddha.png */,
			);
			path = Images;
			sourceTree = "<group>";
		};
/* End PBXGroup section */

/* Begin PBXNativeTarget section */
		40CF1B4B250BC432003B3B82 /* positifeedy */ = {
			isa = PBXNativeTarget;
			buildConfigurationList = 40CF1B60250BC434003B3B82 /* Build configuration list for PBXNativeTarget "positifeedy" */;
			buildPhases = (
				9223F622352998B585C81E12 /* [CP] Check Pods Manifest.lock */,
				40CF1B48250BC432003B3B82 /* Sources */,
				40CF1B49250BC432003B3B82 /* Frameworks */,
				40CF1B4A250BC432003B3B82 /* Resources */,
				FE3F3FF595AF861660F00D68 /* [CP] Embed Pods Frameworks */,
				735850F3EFB80453B244892D /* [CP] Copy Pods Resources */,
			);
			buildRules = (
			);
			dependencies = (
			);
			name = positifeedy;
			productName = positifeedy;
			productReference = 40CF1B4C250BC432003B3B82 /* positifeedy.app */;
			productType = "com.apple.product-type.application";
		};
/* End PBXNativeTarget section */

/* Begin PBXProject section */
		40CF1B44250BC431003B3B82 /* Project object */ = {
			isa = PBXProject;
			attributes = {
				LastSwiftUpdateCheck = 1140;
				LastUpgradeCheck = 1140;
				ORGANIZATIONNAME = "Evyn Gonzalez ";
				TargetAttributes = {
					40CF1B4B250BC432003B3B82 = {
						CreatedOnToolsVersion = 11.4;
						LastSwiftMigration = 1130;
					};
				};
			};
			buildConfigurationList = 40CF1B47250BC431003B3B82 /* Build configuration list for PBXProject "positifeedy" */;
			compatibilityVersion = "Xcode 9.3";
			developmentRegion = en;
			hasScannedForEncodings = 0;
			knownRegions = (
				en,
				Base,
			);
			mainGroup = 40CF1B43250BC431003B3B82;
			productRefGroup = 40CF1B4D250BC432003B3B82 /* Products */;
			projectDirPath = "";
			projectRoot = "";
			targets = (
				40CF1B4B250BC432003B3B82 /* positifeedy */,
			);
		};
/* End PBXProject section */

/* Begin PBXResourcesBuildPhase section */
		40CF1B4A250BC432003B3B82 /* Resources */ = {
			isa = PBXResourcesBuildPhase;
			buildActionMask = 2147483647;
			files = (
				88E1F3E5251C960E0086E650 /* blunt-therapy.jpg in Resources */,
				88E1F3E9251C960E0086E650 /* mrsmindfulness.jpg in Resources */,
				88E1F3E4251C960E0086E650 /* thetreamentspecialist.png in Resources */,
				887C299E251F6FEE009AFA9E /* SF-Pro-Display-Semibold.otf in Resources */,
				887C299F251F6FEE009AFA9E /* SF-Pro-Display-Medium.otf in Resources */,
				50066E402585145B0026FE90 /* TblSettingCell.xib in Resources */,
				88E1F3E8251C960E0086E650 /* psychologytoday.png in Resources */,
				5057A18D25ADF63D002255CB /* splash.mov in Resources */,
				887C2996251F0F9E009AFA9E /* GoogleService-Info.plist in Resources */,
				502D47942583B7F90051F512 /* tblJournalCell.xib in Resources */,
				88E1F3E2251C960E0086E650 /* mindful.png in Resources */,
				40CF1B5C250BC434003B3B82 /* LaunchScreen.storyboard in Resources */,
				5057A18925ADB838002255CB /* terms_doc.pdf in Resources */,
				88E1F3E6251C960E0086E650 /* defyingmentalillness.jpg in Resources */,
				88E1F418251CBD260086E650 /* FeedCell.xib in Resources */,
				88EE3EC1254848C300E87380 /* FeedyCell.xib in Resources */,
				88E1F3E1251C960E0086E650 /* mindfulnessminutes.jpg in Resources */,
				88E1F3E3251C960E0086E650 /* mybrainsnotbroken.jpg in Resources */,
				88E1F3E0251C960E0086E650 /* mindworks.png in Resources */,
				40CF1B59250BC434003B3B82 /* Assets.xcassets in Resources */,
				88E1F3DF251C960E0086E650 /* mindfulness-garden.jpg in Resources */,
				88E1F3EA251C960E0086E650 /* tinybuddha.png in Resources */,
				884D5A172537293200259DBE /* AdsCollectionViewCell.xib in Resources */,
				5057A18825ADB838002255CB /* privacy_doc.pdf in Resources */,
				40CF1B57250BC432003B3B82 /* Main.storyboard in Resources */,
				881D22B0251DC476006AE1D8 /* AdsTableViewCell.xib in Resources */,
				88D27A012535ADBA00B1DE72 /* PositifeedyCell.xib in Resources */,
				50126D1625C589EF00E0CCF5 /* TblFeedTextCell.xib in Resources */,
				887C29A0251F6FEE009AFA9E /* SF-Pro-Display-Regular.otf in Resources */,
				88E1F3E7251C960E0086E650 /* natashatracy.jpg in Resources */,
			);
			runOnlyForDeploymentPostprocessing = 0;
		};
/* End PBXResourcesBuildPhase section */

/* Begin PBXShellScriptBuildPhase section */
		735850F3EFB80453B244892D /* [CP] Copy Pods Resources */ = {
			isa = PBXShellScriptBuildPhase;
			buildActionMask = 2147483647;
			files = (
			);
			inputFileListPaths = (
				"${PODS_ROOT}/Target Support Files/Pods-positifeedy/Pods-positifeedy-resources-${CONFIGURATION}-input-files.xcfilelist",
			);
			name = "[CP] Copy Pods Resources";
			outputFileListPaths = (
				"${PODS_ROOT}/Target Support Files/Pods-positifeedy/Pods-positifeedy-resources-${CONFIGURATION}-output-files.xcfilelist",
			);
			runOnlyForDeploymentPostprocessing = 0;
			shellPath = /bin/sh;
			shellScript = "\"${PODS_ROOT}/Target Support Files/Pods-positifeedy/Pods-positifeedy-resources.sh\"\n";
			showEnvVarsInLog = 0;
		};
		9223F622352998B585C81E12 /* [CP] Check Pods Manifest.lock */ = {
			isa = PBXShellScriptBuildPhase;
			buildActionMask = 2147483647;
			files = (
			);
			inputFileListPaths = (
			);
			inputPaths = (
				"${PODS_PODFILE_DIR_PATH}/Podfile.lock",
				"${PODS_ROOT}/Manifest.lock",
			);
			name = "[CP] Check Pods Manifest.lock";
			outputFileListPaths = (
			);
			outputPaths = (
				"$(DERIVED_FILE_DIR)/Pods-positifeedy-checkManifestLockResult.txt",
			);
			runOnlyForDeploymentPostprocessing = 0;
			shellPath = /bin/sh;
			shellScript = "diff \"${PODS_PODFILE_DIR_PATH}/Podfile.lock\" \"${PODS_ROOT}/Manifest.lock\" > /dev/null\nif [ $? != 0 ] ; then\n    # print error to STDERR\n    echo \"error: The sandbox is not in sync with the Podfile.lock. Run 'pod install' or update your CocoaPods installation.\" >&2\n    exit 1\nfi\n# This output is used by Xcode 'outputs' to avoid re-running this script phase.\necho \"SUCCESS\" > \"${SCRIPT_OUTPUT_FILE_0}\"\n";
			showEnvVarsInLog = 0;
		};
		FE3F3FF595AF861660F00D68 /* [CP] Embed Pods Frameworks */ = {
			isa = PBXShellScriptBuildPhase;
			buildActionMask = 2147483647;
			files = (
			);
			inputFileListPaths = (
				"${PODS_ROOT}/Target Support Files/Pods-positifeedy/Pods-positifeedy-frameworks-${CONFIGURATION}-input-files.xcfilelist",
			);
			name = "[CP] Embed Pods Frameworks";
			outputFileListPaths = (
				"${PODS_ROOT}/Target Support Files/Pods-positifeedy/Pods-positifeedy-frameworks-${CONFIGURATION}-output-files.xcfilelist",
			);
			runOnlyForDeploymentPostprocessing = 0;
			shellPath = /bin/sh;
			shellScript = "\"${PODS_ROOT}/Target Support Files/Pods-positifeedy/Pods-positifeedy-frameworks.sh\"\n";
			showEnvVarsInLog = 0;
		};
/* End PBXShellScriptBuildPhase section */

/* Begin PBXSourcesBuildPhase section */
		40CF1B48250BC432003B3B82 /* Sources */ = {
			isa = PBXSourcesBuildPhase;
			buildActionMask = 2147483647;
			files = (
				88886A7F253D61DE00998E07 /* TTSegmentedControl.swift in Sources */,
				881D22AF251DC476006AE1D8 /* AdsTableViewCell.swift in Sources */,
				40CF1B54250BC432003B3B82 /* ViewController.swift in Sources */,
				887C29AB251F751E009AFA9E /* TPKeyboardAvoidingTableView.m in Sources */,
				88E1F3F1251CB1350086E650 /* positifeedy.xcdatamodeld in Sources */,
				884D5A162537293200259DBE /* AdsCollectionViewCell.swift in Sources */,
				502CDCD625824D7F0034AE5F /* SubscriptionViewController.swift in Sources */,
				50066E3F2585145B0026FE90 /* TblSettingCell.swift in Sources */,
				88E1F3D1251C91A60086E650 /* FeedCell.swift in Sources */,
				50913DB9258A45F300878FD3 /* GreetingViewController.swift in Sources */,
				88E1F3CF251C7E610086E650 /* Feed.swift in Sources */,
				40CF1B6E250C9039003B3B82 /* welcomeViewController.swift in Sources */,
				88EE3EC0254848C300E87380 /* FeedyCell.swift in Sources */,
				502D47962583BD1D0051F512 /* AnswerDetailsVC.swift in Sources */,
				887C2999251F1D8D009AFA9E /* MyTabbarVC.swift in Sources */,
				88E1F3EE251CA5A40086E650 /* WebViewVC.swift in Sources */,
				40CF1B50250BC432003B3B82 /* AppDelegate.swift in Sources */,
				8885D48525498F80004340CE /* DALabeledCircularProgressView.m in Sources */,
				887C29AE251F751E009AFA9E /* TPKeyboardAvoidingCollectionView.m in Sources */,
				504D2DC7258CC87B0057ADB5 /* KeychainItem.swift in Sources */,
				502D47932583B7F90051F512 /* tblJournalCell.swift in Sources */,
				40CF1B6C250C8F57003B3B82 /* Utilities.swift in Sources */,
				884D5A13253710F900259DBE /* JournalViewController.swift in Sources */,
				50066E3C258512720026FE90 /* SetttingScreenVC.swift in Sources */,
				8885D48025498882004340CE /* SYPhotoBrowser.m in Sources */,
				40CF1B66250C8F15003B3B82 /* signUpViewController.swift in Sources */,
				8838C123251DFA62005FDF45 /* GoogleAdBannerView.swift in Sources */,
				887C29AC251F751E009AFA9E /* UIScrollView+TPKeyboardAvoidingAdditions.m in Sources */,
				88E1F41A251CBFAC0086E650 /* BookMarkVc.swift in Sources */,
				887C29AD251F751E009AFA9E /* TPKeyboardAvoidingScrollView.m in Sources */,
				502D478F25839F8B0051F512 /* AnswerOfQuestionVC.swift in Sources */,
				40CF1B68250C8F24003B3B82 /* logInViewController.swift in Sources */,
				88D279FD2535AC3000B1DE72 /* FAPaginationLayout.swift in Sources */,
				8885D472254967D4004340CE /* WebViewFeedy.swift in Sources */,
				880B12ED2543EE9900C08169 /* PostDetailViewController.swift in Sources */,
				8885D47E25498882004340CE /* SYPhotoViewController.m in Sources */,
				8885D48625498F80004340CE /* DACircularProgressView.m in Sources */,
				505AE183258792A900DD7079 /* TermsNConditionVC.swift in Sources */,
				40CF1B6A250C8F39003B3B82 /* Constants.swift in Sources */,
				8885D47025493D9E004340CE /* MetadataCache.swift in Sources */,
				50126D1525C589EF00E0CCF5 /* TblFeedTextCell.swift in Sources */,
				50955B3B258B83F900B84DD6 /* GreetingViewControllerProfile.swift in Sources */,
				50235B3D25AC8CE600F02DD9 /* PrivacyPolicyScreenVC.swift in Sources */,
				88D27A002535ADBA00B1DE72 /* PositifeedyCell.swift in Sources */,
				8885D47F25498882004340CE /* SYPhotoBrowserCaptionLabel.m in Sources */,
			);
			runOnlyForDeploymentPostprocessing = 0;
		};
/* End PBXSourcesBuildPhase section */

/* Begin PBXVariantGroup section */
		40CF1B55250BC432003B3B82 /* Main.storyboard */ = {
			isa = PBXVariantGroup;
			children = (
				40CF1B56250BC432003B3B82 /* Base */,
			);
			name = Main.storyboard;
			sourceTree = "<group>";
		};
		40CF1B5A250BC434003B3B82 /* LaunchScreen.storyboard */ = {
			isa = PBXVariantGroup;
			children = (
				40CF1B5B250BC434003B3B82 /* Base */,
			);
			name = LaunchScreen.storyboard;
			sourceTree = "<group>";
		};
/* End PBXVariantGroup section */

/* Begin XCBuildConfiguration section */
		40CF1B5E250BC434003B3B82 /* Debug */ = {
			isa = XCBuildConfiguration;
			buildSettings = {
				ALWAYS_SEARCH_USER_PATHS = NO;
				CLANG_ANALYZER_NONNULL = YES;
				CLANG_ANALYZER_NUMBER_OBJECT_CONVERSION = YES_AGGRESSIVE;
				CLANG_CXX_LANGUAGE_STANDARD = "gnu++14";
				CLANG_CXX_LIBRARY = "libc++";
				CLANG_ENABLE_MODULES = YES;
				CLANG_ENABLE_OBJC_ARC = YES;
				CLANG_ENABLE_OBJC_WEAK = YES;
				CLANG_WARN_BLOCK_CAPTURE_AUTORELEASING = YES;
				CLANG_WARN_BOOL_CONVERSION = YES;
				CLANG_WARN_COMMA = YES;
				CLANG_WARN_CONSTANT_CONVERSION = YES;
				CLANG_WARN_DEPRECATED_OBJC_IMPLEMENTATIONS = YES;
				CLANG_WARN_DIRECT_OBJC_ISA_USAGE = YES_ERROR;
				CLANG_WARN_DOCUMENTATION_COMMENTS = YES;
				CLANG_WARN_EMPTY_BODY = YES;
				CLANG_WARN_ENUM_CONVERSION = YES;
				CLANG_WARN_INFINITE_RECURSION = YES;
				CLANG_WARN_INT_CONVERSION = YES;
				CLANG_WARN_NON_LITERAL_NULL_CONVERSION = YES;
				CLANG_WARN_OBJC_IMPLICIT_RETAIN_SELF = YES;
				CLANG_WARN_OBJC_LITERAL_CONVERSION = YES;
				CLANG_WARN_OBJC_ROOT_CLASS = YES_ERROR;
				CLANG_WARN_RANGE_LOOP_ANALYSIS = YES;
				CLANG_WARN_STRICT_PROTOTYPES = YES;
				CLANG_WARN_SUSPICIOUS_MOVE = YES;
				CLANG_WARN_UNGUARDED_AVAILABILITY = YES_AGGRESSIVE;
				CLANG_WARN_UNREACHABLE_CODE = YES;
				CLANG_WARN__DUPLICATE_METHOD_MATCH = YES;
				CODE_SIGN_IDENTITY = "Apple Distribution";
				COPY_PHASE_STRIP = NO;
				DEBUG_INFORMATION_FORMAT = dwarf;
				ENABLE_STRICT_OBJC_MSGSEND = YES;
				ENABLE_TESTABILITY = YES;
				GCC_C_LANGUAGE_STANDARD = gnu11;
				GCC_DYNAMIC_NO_PIC = NO;
				GCC_NO_COMMON_BLOCKS = YES;
				GCC_OPTIMIZATION_LEVEL = 0;
				GCC_PREPROCESSOR_DEFINITIONS = (
					"DEBUG=1",
					"$(inherited)",
				);
				GCC_WARN_64_TO_32_BIT_CONVERSION = YES;
				GCC_WARN_ABOUT_RETURN_TYPE = YES_ERROR;
				GCC_WARN_UNDECLARED_SELECTOR = YES;
				GCC_WARN_UNINITIALIZED_AUTOS = YES_AGGRESSIVE;
				GCC_WARN_UNUSED_FUNCTION = YES;
				GCC_WARN_UNUSED_VARIABLE = YES;
				IPHONEOS_DEPLOYMENT_TARGET = 13.4;
				MTL_ENABLE_DEBUG_INFO = INCLUDE_SOURCE;
				MTL_FAST_MATH = YES;
				ONLY_ACTIVE_ARCH = YES;
				SDKROOT = iphoneos;
				SWIFT_ACTIVE_COMPILATION_CONDITIONS = DEBUG;
				SWIFT_OPTIMIZATION_LEVEL = "-Onone";
			};
			name = Debug;
		};
		40CF1B5F250BC434003B3B82 /* Release */ = {
			isa = XCBuildConfiguration;
			buildSettings = {
				ALWAYS_SEARCH_USER_PATHS = NO;
				CLANG_ANALYZER_NONNULL = YES;
				CLANG_ANALYZER_NUMBER_OBJECT_CONVERSION = YES_AGGRESSIVE;
				CLANG_CXX_LANGUAGE_STANDARD = "gnu++14";
				CLANG_CXX_LIBRARY = "libc++";
				CLANG_ENABLE_MODULES = YES;
				CLANG_ENABLE_OBJC_ARC = YES;
				CLANG_ENABLE_OBJC_WEAK = YES;
				CLANG_WARN_BLOCK_CAPTURE_AUTORELEASING = YES;
				CLANG_WARN_BOOL_CONVERSION = YES;
				CLANG_WARN_COMMA = YES;
				CLANG_WARN_CONSTANT_CONVERSION = YES;
				CLANG_WARN_DEPRECATED_OBJC_IMPLEMENTATIONS = YES;
				CLANG_WARN_DIRECT_OBJC_ISA_USAGE = YES_ERROR;
				CLANG_WARN_DOCUMENTATION_COMMENTS = YES;
				CLANG_WARN_EMPTY_BODY = YES;
				CLANG_WARN_ENUM_CONVERSION = YES;
				CLANG_WARN_INFINITE_RECURSION = YES;
				CLANG_WARN_INT_CONVERSION = YES;
				CLANG_WARN_NON_LITERAL_NULL_CONVERSION = YES;
				CLANG_WARN_OBJC_IMPLICIT_RETAIN_SELF = YES;
				CLANG_WARN_OBJC_LITERAL_CONVERSION = YES;
				CLANG_WARN_OBJC_ROOT_CLASS = YES_ERROR;
				CLANG_WARN_RANGE_LOOP_ANALYSIS = YES;
				CLANG_WARN_STRICT_PROTOTYPES = YES;
				CLANG_WARN_SUSPICIOUS_MOVE = YES;
				CLANG_WARN_UNGUARDED_AVAILABILITY = YES_AGGRESSIVE;
				CLANG_WARN_UNREACHABLE_CODE = YES;
				CLANG_WARN__DUPLICATE_METHOD_MATCH = YES;
				CODE_SIGN_IDENTITY = "Apple Distribution";
				COPY_PHASE_STRIP = NO;
				DEBUG_INFORMATION_FORMAT = "dwarf-with-dsym";
				ENABLE_NS_ASSERTIONS = NO;
				ENABLE_STRICT_OBJC_MSGSEND = YES;
				GCC_C_LANGUAGE_STANDARD = gnu11;
				GCC_NO_COMMON_BLOCKS = YES;
				GCC_WARN_64_TO_32_BIT_CONVERSION = YES;
				GCC_WARN_ABOUT_RETURN_TYPE = YES_ERROR;
				GCC_WARN_UNDECLARED_SELECTOR = YES;
				GCC_WARN_UNINITIALIZED_AUTOS = YES_AGGRESSIVE;
				GCC_WARN_UNUSED_FUNCTION = YES;
				GCC_WARN_UNUSED_VARIABLE = YES;
				IPHONEOS_DEPLOYMENT_TARGET = 13.4;
				MTL_ENABLE_DEBUG_INFO = NO;
				MTL_FAST_MATH = YES;
				SDKROOT = iphoneos;
				SWIFT_COMPILATION_MODE = wholemodule;
				SWIFT_OPTIMIZATION_LEVEL = "-O";
				VALIDATE_PRODUCT = YES;
			};
			name = Release;
		};
		40CF1B61250BC434003B3B82 /* Debug */ = {
			isa = XCBuildConfiguration;
			baseConfigurationReference = 4030A55FA710C7C8A9658B36 /* Pods-positifeedy.debug.xcconfig */;
			buildSettings = {
				ASSETCATALOG_COMPILER_APPICON_NAME = AppIcon;
				CLANG_ENABLE_MODULES = YES;
				CODE_SIGN_ENTITLEMENTS = positifeedy/positifeedy.entitlements;
				CODE_SIGN_IDENTITY = "iPhone Distribution";
				CODE_SIGN_STYLE = Manual;
				CURRENT_PROJECT_VERSION = 2;
				DEVELOPMENT_TEAM = DTRPW5TVH6;
				ENABLE_BITCODE = NO;
				INFOPLIST_FILE = positifeedy/Info.plist;
				IPHONEOS_DEPLOYMENT_TARGET = 12.0;
				LD_RUNPATH_SEARCH_PATHS = (
					"$(inherited)",
					"@executable_path/Frameworks",
				);
				MARKETING_VERSION = 1.0.1;
				PRODUCT_BUNDLE_IDENTIFIER = com.staypos.StayPositive;
				PRODUCT_NAME = "$(TARGET_NAME)";
				PROVISIONING_PROFILE_SPECIFIER = staypos_appstore;
				SWIFT_OBJC_BRIDGING_HEADER = "positifeedy/Keyboard /positifeedy-Bridging-Header.h";
				SWIFT_OPTIMIZATION_LEVEL = "-Onone";
				SWIFT_VERSION = 5.0;
				TARGETED_DEVICE_FAMILY = 1;
			};
			name = Debug;
		};
		40CF1B62250BC434003B3B82 /* Release */ = {
			isa = XCBuildConfiguration;
			baseConfigurationReference = 479E5DE322C08E14E6DD41FD /* Pods-positifeedy.release.xcconfig */;
			buildSettings = {
				ASSETCATALOG_COMPILER_APPICON_NAME = AppIcon;
				CLANG_ENABLE_MODULES = YES;
				CODE_SIGN_ENTITLEMENTS = positifeedy/positifeedy.entitlements;
				CODE_SIGN_IDENTITY = "iPhone Distribution";
				CODE_SIGN_STYLE = Manual;
				CURRENT_PROJECT_VERSION = 2;
				DEVELOPMENT_TEAM = DTRPW5TVH6;
				ENABLE_BITCODE = NO;
				INFOPLIST_FILE = positifeedy/Info.plist;
				IPHONEOS_DEPLOYMENT_TARGET = 12.0;
				LD_RUNPATH_SEARCH_PATHS = (
					"$(inherited)",
					"@executable_path/Frameworks",
				);
				MARKETING_VERSION = 1.0.1;
				PRODUCT_BUNDLE_IDENTIFIER = com.staypos.StayPositive;
				PRODUCT_NAME = "$(TARGET_NAME)";
				PROVISIONING_PROFILE_SPECIFIER = staypos_appstore;
				SWIFT_OBJC_BRIDGING_HEADER = "positifeedy/Keyboard /positifeedy-Bridging-Header.h";
				SWIFT_VERSION = 5.0;
				TARGETED_DEVICE_FAMILY = 1;
			};
			name = Release;
		};
/* End XCBuildConfiguration section */

/* Begin XCConfigurationList section */
		40CF1B47250BC431003B3B82 /* Build configuration list for PBXProject "positifeedy" */ = {
			isa = XCConfigurationList;
			buildConfigurations = (
				40CF1B5E250BC434003B3B82 /* Debug */,
				40CF1B5F250BC434003B3B82 /* Release */,
			);
			defaultConfigurationIsVisible = 0;
			defaultConfigurationName = Release;
		};
		40CF1B60250BC434003B3B82 /* Build configuration list for PBXNativeTarget "positifeedy" */ = {
			isa = XCConfigurationList;
			buildConfigurations = (
				40CF1B61250BC434003B3B82 /* Debug */,
				40CF1B62250BC434003B3B82 /* Release */,
			);
			defaultConfigurationIsVisible = 0;
			defaultConfigurationName = Release;
		};
/* End XCConfigurationList section */

/* Begin XCVersionGroup section */
		88E1F3EF251CB1350086E650 /* positifeedy.xcdatamodeld */ = {
			isa = XCVersionGroup;
			children = (
				88E1F3F0251CB1350086E650 /* positifeedy.xcdatamodel */,
			);
			currentVersion = 88E1F3F0251CB1350086E650 /* positifeedy.xcdatamodel */;
			path = positifeedy.xcdatamodeld;
			sourceTree = "<group>";
			versionGroupType = wrapper.xcdatamodel;
		};
/* End XCVersionGroup section */
	};
	rootObject = 40CF1B44250BC431003B3B82 /* Project object */;
}
